
Microsoft Visual Studio Solution File, Format Version 12.00
# Visual Studio 15
VisualStudioVersion = 15.0.28307.106
MinimumVisualStudioVersion = 10.0.40219.1
Project("{8BC9CEB8-8B4A-11D0-8D11-00A0C91BC942}") = "Templated Containters - Dynamic Array", "Templated Containters - Dynamic Array\Templated Containters - Dynamic Array.vcxproj", "{4FD1CB20-75C4-4C15-87BF-510DC535AC79}"
EndProject
Project("{8BC9CEB8-8B4A-11D0-8D11-00A0C91BC942}") = "Templated Containters - Linked List", "Templated Containters - Linked List\Templated Containters - Linked List.vcxproj", "{BCCD970A-C85E-4E77-82BD-5346F3F78C67}"
EndProject
Project("{8BC9CEB8-8B4A-11D0-8D11-00A0C91BC942}") = "Searching and Sorting", "Searching and Sorting\Searching and Sorting.vcxproj", "{FF93A5DD-4FF6-4875-B143-6A5EDBE1F1E6}"
EndProject
Project("{8BC9CEB8-8B4A-11D0-8D11-00A0C91BC942}") = "Hashing", "Hasing\Hasing.vcxproj", "{57E61A3C-40E0-4C81-8A30-B5C29C0D4DE9}"
EndProject
Global
	GlobalSection(SolutionConfigurationPlatforms) = preSolution
		Debug|x64 = Debug|x64
		Debug|x86 = Debug|x86
		Release|x64 = Release|x64
		Release|x86 = Release|x86
	EndGlobalSection
	GlobalSection(ProjectConfigurationPlatforms) = postSolution
		{4FD1CB20-75C4-4C15-87BF-510DC535AC79}.Debug|x64.ActiveCfg = Debug|x64
		{4FD1CB20-75C4-4C15-87BF-510DC535AC79}.Debug|x64.Build.0 = Debug|x64
		{4FD1CB20-75C4-4C15-87BF-510DC535AC79}.Debug|x86.ActiveCfg = Debug|Win32
		{4FD1CB20-75C4-4C15-87BF-510DC535AC79}.Debug|x86.Build.0 = Debug|Win32
		{4FD1CB20-75C4-4C15-87BF-510DC535AC79}.Release|x64.ActiveCfg = Release|x64
		{4FD1CB20-75C4-4C15-87BF-510DC535AC79}.Release|x64.Build.0 = Release|x64
		{4FD1CB20-75C4-4C15-87BF-510DC535AC79}.Release|x86.ActiveCfg = Release|Win32
		{4FD1CB20-75C4-4C15-87BF-510DC535AC79}.Release|x86.Build.0 = Release|Win32
		{BCCD970A-C85E-4E77-82BD-5346F3F78C67}.Debug|x64.ActiveCfg = Debug|x64
		{BCCD970A-C85E-4E77-82BD-5346F3F78C67}.Debug|x64.Build.0 = Debug|x64
		{BCCD970A-C85E-4E77-82BD-5346F3F78C67}.Debug|x86.ActiveCfg = Debug|Win32
		{BCCD970A-C85E-4E77-82BD-5346F3F78C67}.Debug|x86.Build.0 = Debug|Win32
		{BCCD970A-C85E-4E77-82BD-5346F3F78C67}.Release|x64.ActiveCfg = Release|x64
		{BCCD970A-C85E-4E77-82BD-5346F3F78C67}.Release|x64.Build.0 = Release|x64
		{BCCD970A-C85E-4E77-82BD-5346F3F78C67}.Release|x86.ActiveCfg = Release|Win32
		{BCCD970A-C85E-4E77-82BD-5346F3F78C67}.Release|x86.Build.0 = Release|Win32
		{FF93A5DD-4FF6-4875-B143-6A5EDBE1F1E6}.Debug|x64.ActiveCfg = Debug|x64
		{FF93A5DD-4FF6-4875-B143-6A5EDBE1F1E6}.Debug|x64.Build.0 = Debug|x64
		{FF93A5DD-4FF6-4875-B143-6A5EDBE1F1E6}.Debug|x86.ActiveCfg = Debug|Win32
		{FF93A5DD-4FF6-4875-B143-6A5EDBE1F1E6}.Debug|x86.Build.0 = Debug|Win32
		{FF93A5DD-4FF6-4875-B143-6A5EDBE1F1E6}.Release|x64.ActiveCfg = Release|x64
		{FF93A5DD-4FF6-4875-B143-6A5EDBE1F1E6}.Release|x64.Build.0 = Release|x64
		{FF93A5DD-4FF6-4875-B143-6A5EDBE1F1E6}.Release|x86.ActiveCfg = Release|Win32
		{FF93A5DD-4FF6-4875-B143-6A5EDBE1F1E6}.Release|x86.Build.0 = Release|Win32
		{57E61A3C-40E0-4C81-8A30-B5C29C0D4DE9}.Debug|x64.ActiveCfg = Debug|x64
		{57E61A3C-40E0-4C81-8A30-B5C29C0D4DE9}.Debug|x64.Build.0 = Debug|x64
		{57E61A3C-40E0-4C81-8A30-B5C29C0D4DE9}.Debug|x86.ActiveCfg = Debug|Win32
		{57E61A3C-40E0-4C81-8A30-B5C29C0D4DE9}.Debug|x86.Build.0 = Debug|Win32
		{57E61A3C-40E0-4C81-8A30-B5C29C0D4DE9}.Release|x64.ActiveCfg = Release|x64
		{57E61A3C-40E0-4C81-8A30-B5C29C0D4DE9}.Release|x64.Build.0 = Release|x64
		{57E61A3C-40E0-4C81-8A30-B5C29C0D4DE9}.Release|x86.ActiveCfg = Release|Win32
		{57E61A3C-40E0-4C81-8A30-B5C29C0D4DE9}.Release|x86.Build.0 = Release|Win32
	EndGlobalSection
	GlobalSection(SolutionProperties) = preSolution
		HideSolutionNode = FALSE
	EndGlobalSection
	GlobalSection(ExtensibilityGlobals) = postSolution
		SolutionGuid = {F40D364F-A6FD-4D2A-9CF3-397EC8E5C262}
	EndGlobalSection
EndGlobal
